
Microsoft Visual Studio Solution File, Format Version 12.00
# Visual Studio Version 16
VisualStudioVersion = 16.0.29424.173
MinimumVisualStudioVersion = 10.0.40219.1
Project("{9A19103F-16F7-4668-BE54-9A1E7A4F7556}") = "SaveTimeCore.WebAPI", "SaveTimeCore.WebAPI\SaveTimeCore.WebAPI.csproj", "{A99CC039-A829-485C-85EE-B03CD6B46A3F}"
EndProject
Project("{9A19103F-16F7-4668-BE54-9A1E7A4F7556}") = "SaveTimeCore.DataModels", "SaveTimeCore.DataModels\SaveTimeCore.DataModels.csproj", "{E52D792E-240A-42B8-B34E-016AD76245EB}"
EndProject
Project("{9A19103F-16F7-4668-BE54-9A1E7A4F7556}") = "SaveTimeCore.AbstractModels", "SaveTimeCore.AbstractModels\SaveTimeCore.AbstractModels.csproj", "{00652684-27BA-4C5A-9AEE-44E2E7BFB8D6}"
EndProject
Project("{9A19103F-16F7-4668-BE54-9A1E7A4F7556}") = "SaveTimeCore.DataAccess", "SaveTimeCore.DataAccess\SaveTimeCore.DataAccess.csproj", "{88396BB7-0256-49A7-BCBC-097112012F4C}"
EndProject
Project("{9A19103F-16F7-4668-BE54-9A1E7A4F7556}") = "SaveTimeCore.Services", "SaveTimeCore.Services\SaveTimeCore.Services.csproj", "{A692D10D-3CCA-4BBB-8872-3A315A89647A}"
EndProject
Project("{9A19103F-16F7-4668-BE54-9A1E7A4F7556}") = "SaveTimeCore.Domain", "SaveTimeCore.Domain\SaveTimeCore.Domain.csproj", "{74BFBE4E-5EBC-44C5-A6AD-507BE30BD473}"
EndProject
Project("{FAE04EC0-301F-11D3-BF4B-00C04F79EFBC}") = "SaveTimeCore.Web.Admin", "SaveTimeCore.Web.Admin\SaveTimeCore.Web.Admin.csproj", "{38D9F9EE-3C5C-4CB4-8532-D3A5900920BB}"
EndProject
Global
	GlobalSection(SolutionConfigurationPlatforms) = preSolution
		Debug|Any CPU = Debug|Any CPU
		Release|Any CPU = Release|Any CPU
	EndGlobalSection
	GlobalSection(ProjectConfigurationPlatforms) = postSolution
		{A99CC039-A829-485C-85EE-B03CD6B46A3F}.Debug|Any CPU.ActiveCfg = Debug|Any CPU
		{A99CC039-A829-485C-85EE-B03CD6B46A3F}.Debug|Any CPU.Build.0 = Debug|Any CPU
		{A99CC039-A829-485C-85EE-B03CD6B46A3F}.Release|Any CPU.ActiveCfg = Release|Any CPU
		{A99CC039-A829-485C-85EE-B03CD6B46A3F}.Release|Any CPU.Build.0 = Release|Any CPU
		{E52D792E-240A-42B8-B34E-016AD76245EB}.Debug|Any CPU.ActiveCfg = Debug|Any CPU
		{E52D792E-240A-42B8-B34E-016AD76245EB}.Debug|Any CPU.Build.0 = Debug|Any CPU
		{E52D792E-240A-42B8-B34E-016AD76245EB}.Release|Any CPU.ActiveCfg = Release|Any CPU
		{E52D792E-240A-42B8-B34E-016AD76245EB}.Release|Any CPU.Build.0 = Release|Any CPU
		{00652684-27BA-4C5A-9AEE-44E2E7BFB8D6}.Debug|Any CPU.ActiveCfg = Debug|Any CPU
		{00652684-27BA-4C5A-9AEE-44E2E7BFB8D6}.Debug|Any CPU.Build.0 = Debug|Any CPU
		{00652684-27BA-4C5A-9AEE-44E2E7BFB8D6}.Release|Any CPU.ActiveCfg = Release|Any CPU
		{00652684-27BA-4C5A-9AEE-44E2E7BFB8D6}.Release|Any CPU.Build.0 = Release|Any CPU
		{88396BB7-0256-49A7-BCBC-097112012F4C}.Debug|Any CPU.ActiveCfg = Debug|Any CPU
		{88396BB7-0256-49A7-BCBC-097112012F4C}.Debug|Any CPU.Build.0 = Debug|Any CPU
		{88396BB7-0256-49A7-BCBC-097112012F4C}.Release|Any CPU.ActiveCfg = Release|Any CPU
		{88396BB7-0256-49A7-BCBC-097112012F4C}.Release|Any CPU.Build.0 = Release|Any CPU
		{A692D10D-3CCA-4BBB-8872-3A315A89647A}.Debug|Any CPU.ActiveCfg = Debug|Any CPU
		{A692D10D-3CCA-4BBB-8872-3A315A89647A}.Debug|Any CPU.Build.0 = Debug|Any CPU
		{A692D10D-3CCA-4BBB-8872-3A315A89647A}.Release|Any CPU.ActiveCfg = Release|Any CPU
		{A692D10D-3CCA-4BBB-8872-3A315A89647A}.Release|Any CPU.Build.0 = Release|Any CPU
		{74BFBE4E-5EBC-44C5-A6AD-507BE30BD473}.Debug|Any CPU.ActiveCfg = Debug|Any CPU
		{74BFBE4E-5EBC-44C5-A6AD-507BE30BD473}.Debug|Any CPU.Build.0 = Debug|Any CPU
		{74BFBE4E-5EBC-44C5-A6AD-507BE30BD473}.Release|Any CPU.ActiveCfg = Release|Any CPU
		{74BFBE4E-5EBC-44C5-A6AD-507BE30BD473}.Release|Any CPU.Build.0 = Release|Any CPU
		{38D9F9EE-3C5C-4CB4-8532-D3A5900920BB}.Debug|Any CPU.ActiveCfg = Debug|Any CPU
		{38D9F9EE-3C5C-4CB4-8532-D3A5900920BB}.Debug|Any CPU.Build.0 = Debug|Any CPU
		{38D9F9EE-3C5C-4CB4-8532-D3A5900920BB}.Release|Any CPU.ActiveCfg = Release|Any CPU
		{38D9F9EE-3C5C-4CB4-8532-D3A5900920BB}.Release|Any CPU.Build.0 = Release|Any CPU
	EndGlobalSection
	GlobalSection(SolutionProperties) = preSolution
		HideSolutionNode = FALSE
	EndGlobalSection
	GlobalSection(ExtensibilityGlobals) = postSolution
		SolutionGuid = {DF1AE3C4-EC8F-4202-978F-798F9BF5AD9C}
	EndGlobalSection
EndGlobal
